
Microsoft Visual Studio Solution File, Format Version 12.00
# Visual Studio 15
VisualStudioVersion = 15.0.26730.15
MinimumVisualStudioVersion = 10.0.40219.1
Project("{FAE04EC0-301F-11D3-BF4B-00C04F79EFBC}") = "Reinf", "Reinf\Reinf.csproj", "{C730CB9F-E87E-47C7-9487-515B11E22B04}"
EndProject
Global
	GlobalSection(SolutionConfigurationPlatforms) = preSolution
		Debug|Any CPU = Debug|Any CPU
		Release|Any CPU = Release|Any CPU
	EndGlobalSection
	GlobalSection(ProjectConfigurationPlatforms) = postSolution
		{C730CB9F-E87E-47C7-9487-515B11E22B04}.Debug|Any CPU.ActiveCfg = Debug|Any CPU
		{C730CB9F-E87E-47C7-9487-515B11E22B04}.Debug|Any CPU.Build.0 = Debug|Any CPU
		{C730CB9F-E87E-47C7-9487-515B11E22B04}.Release|Any CPU.ActiveCfg = Release|Any CPU
		{C730CB9F-E87E-47C7-9487-515B11E22B04}.Release|Any CPU.Build.0 = Release|Any CPU
	EndGlobalSection
	GlobalSection(SolutionProperties) = preSolution
		HideSolutionNode = FALSE
	EndGlobalSection
	GlobalSection(ExtensibilityGlobals) = postSolution
		SolutionGuid = {05C5B543-509A-4B11-8FE5-0D82EC6C06BD}
	EndGlobalSection
EndGlobal
